// !$*UTF8*$!
{
	archiveVersion = 1;
	classes = {
	};
	objectVersion = 56;
	objects = {

/* Begin PBXBuildFile section */
		2EB63D422B5EE37300B69CB9 /* AppDelegate.swift in Sources */ = {isa = PBXBuildFile; fileRef = 2EB63D412B5EE37300B69CB9 /* AppDelegate.swift */; };
		2EB63D442B5EE37300B69CB9 /* SceneDelegate.swift in Sources */ = {isa = PBXBuildFile; fileRef = 2EB63D432B5EE37300B69CB9 /* SceneDelegate.swift */; };
		2EB63D462B5EE37300B69CB9 /* ViewController.swift in Sources */ = {isa = PBXBuildFile; fileRef = 2EB63D452B5EE37300B69CB9 /* ViewController.swift */; };
		2EB63D492B5EE37300B69CB9 /* Main.storyboard in Resources */ = {isa = PBXBuildFile; fileRef = 2EB63D472B5EE37300B69CB9 /* Main.storyboard */; };
		2EB63D4B2B5EE37400B69CB9 /* Assets.xcassets in Resources */ = {isa = PBXBuildFile; fileRef = 2EB63D4A2B5EE37400B69CB9 /* Assets.xcassets */; };
		2EB63D4E2B5EE37400B69CB9 /* LaunchScreen.storyboard in Resources */ = {isa = PBXBuildFile; fileRef = 2EB63D4C2B5EE37400B69CB9 /* LaunchScreen.storyboard */; };
		2EB63D592B5EE37400B69CB9 /* PraticeTableView1Tests.swift in Sources */ = {isa = PBXBuildFile; fileRef = 2EB63D582B5EE37400B69CB9 /* PraticeTableView1Tests.swift */; };
		2EB63D632B5EE37400B69CB9 /* PraticeTableView1UITests.swift in Sources */ = {isa = PBXBuildFile; fileRef = 2EB63D622B5EE37400B69CB9 /* PraticeTableView1UITests.swift */; };
		2EB63D652B5EE37400B69CB9 /* PraticeTableView1UITestsLaunchTests.swift in Sources */ = {isa = PBXBuildFile; fileRef = 2EB63D642B5EE37400B69CB9 /* PraticeTableView1UITestsLaunchTests.swift */; };
		2EB63D722B5EE3C600B69CB9 /* feed.txt in Resources */ = {isa = PBXBuildFile; fileRef = 2EB63D712B5EE3C600B69CB9 /* feed.txt */; };
		2EB63D732B5EE3C600B69CB9 /* feed.txt in Resources */ = {isa = PBXBuildFile; fileRef = 2EB63D712B5EE3C600B69CB9 /* feed.txt */; };
		2EB63D752B5EE3D900B69CB9 /* Models.swift in Sources */ = {isa = PBXBuildFile; fileRef = 2EB63D742B5EE3D900B69CB9 /* Models.swift */; };
		2EB63D762B5EE3D900B69CB9 /* Models.swift in Sources */ = {isa = PBXBuildFile; fileRef = 2EB63D742B5EE3D900B69CB9 /* Models.swift */; };
		2EB63D782B5EE46D00B69CB9 /* RestaurantViewModel.swift in Sources */ = {isa = PBXBuildFile; fileRef = 2EB63D772B5EE46D00B69CB9 /* RestaurantViewModel.swift */; };
		2EB63D792B5EE46D00B69CB9 /* RestaurantViewModel.swift in Sources */ = {isa = PBXBuildFile; fileRef = 2EB63D772B5EE46D00B69CB9 /* RestaurantViewModel.swift */; };
		2EB63D7C2B5EE8D500B69CB9 /* RestaurantCell.swift in Sources */ = {isa = PBXBuildFile; fileRef = 2EB63D7A2B5EE8D500B69CB9 /* RestaurantCell.swift */; };
		2EB63D7D2B5EE8D500B69CB9 /* RestaurantCell.swift in Sources */ = {isa = PBXBuildFile; fileRef = 2EB63D7A2B5EE8D500B69CB9 /* RestaurantCell.swift */; };
		2EB63D7E2B5EE8D500B69CB9 /* RestaurantCell.xib in Resources */ = {isa = PBXBuildFile; fileRef = 2EB63D7B2B5EE8D500B69CB9 /* RestaurantCell.xib */; };
		2EB63D7F2B5EE8D500B69CB9 /* RestaurantCell.xib in Resources */ = {isa = PBXBuildFile; fileRef = 2EB63D7B2B5EE8D500B69CB9 /* RestaurantCell.xib */; };
/* End PBXBuildFile section */

/* Begin PBXContainerItemProxy section */
		2EB63D552B5EE37400B69CB9 /* PBXContainerItemProxy */ = {
			isa = PBXContainerItemProxy;
			containerPortal = 2EB63D362B5EE37300B69CB9 /* Project object */;
			proxyType = 1;
			remoteGlobalIDString = 2EB63D3D2B5EE37300B69CB9;
			remoteInfo = PraticeTableView1;
		};
		2EB63D5F2B5EE37400B69CB9 /* PBXContainerItemProxy */ = {
			isa = PBXContainerItemProxy;
			containerPortal = 2EB63D362B5EE37300B69CB9 /* Project object */;
			proxyType = 1;
			remoteGlobalIDString = 2EB63D3D2B5EE37300B69CB9;
			remoteInfo = PraticeTableView1;
		};
/* End PBXContainerItemProxy section */

/* Begin PBXFileReference section */
		2EB63D3E2B5EE37300B69CB9 /* PraticeTableView1.app */ = {isa = PBXFileReference; explicitFileType = wrapper.application; includeInIndex = 0; path = PraticeTableView1.app; sourceTree = BUILT_PRODUCTS_DIR; };
		2EB63D412B5EE37300B69CB9 /* AppDelegate.swift */ = {isa = PBXFileReference; lastKnownFileType = sourcecode.swift; path = AppDelegate.swift; sourceTree = "<group>"; };
		2EB63D432B5EE37300B69CB9 /* SceneDelegate.swift */ = {isa = PBXFileReference; lastKnownFileType = sourcecode.swift; path = SceneDelegate.swift; sourceTree = "<group>"; };
		2EB63D452B5EE37300B69CB9 /* ViewController.swift */ = {isa = PBXFileReference; lastKnownFileType = sourcecode.swift; path = ViewController.swift; sourceTree = "<group>"; };
		2EB63D482B5EE37300B69CB9 /* Base */ = {isa = PBXFileReference; lastKnownFileType = file.storyboard; name = Base; path = Base.lproj/Main.storyboard; sourceTree = "<group>"; };
		2EB63D4A2B5EE37400B69CB9 /* Assets.xcassets */ = {isa = PBXFileReference; lastKnownFileType = folder.assetcatalog; path = Assets.xcassets; sourceTree = "<group>"; };
		2EB63D4D2B5EE37400B69CB9 /* Base */ = {isa = PBXFileReference; lastKnownFileType = file.storyboard; name = Base; path = Base.lproj/LaunchScreen.storyboard; sourceTree = "<group>"; };
		2EB63D4F2B5EE37400B69CB9 /* Info.plist */ = {isa = PBXFileReference; lastKnownFileType = text.plist.xml; path = Info.plist; sourceTree = "<group>"; };
		2EB63D542B5EE37400B69CB9 /* PraticeTableView1Tests.xctest */ = {isa = PBXFileReference; explicitFileType = wrapper.cfbundle; includeInIndex = 0; path = PraticeTableView1Tests.xctest; sourceTree = BUILT_PRODUCTS_DIR; };
		2EB63D582B5EE37400B69CB9 /* PraticeTableView1Tests.swift */ = {isa = PBXFileReference; lastKnownFileType = sourcecode.swift; path = PraticeTableView1Tests.swift; sourceTree = "<group>"; };
		2EB63D5E2B5EE37400B69CB9 /* PraticeTableView1UITests.xctest */ = {isa = PBXFileReference; explicitFileType = wrapper.cfbundle; includeInIndex = 0; path = PraticeTableView1UITests.xctest; sourceTree = BUILT_PRODUCTS_DIR; };
		2EB63D622B5EE37400B69CB9 /* PraticeTableView1UITests.swift */ = {isa = PBXFileReference; lastKnownFileType = sourcecode.swift; path = PraticeTableView1UITests.swift; sourceTree = "<group>"; };
		2EB63D642B5EE37400B69CB9 /* PraticeTableView1UITestsLaunchTests.swift */ = {isa = PBXFileReference; lastKnownFileType = sourcecode.swift; path = PraticeTableView1UITestsLaunchTests.swift; sourceTree = "<group>"; };
		2EB63D712B5EE3C600B69CB9 /* feed.txt */ = {isa = PBXFileReference; fileEncoding = 4; lastKnownFileType = text; name = feed.txt; path = ../../PraticeTableView/Resources/feed.txt; sourceTree = "<group>"; };
		2EB63D742B5EE3D900B69CB9 /* Models.swift */ = {isa = PBXFileReference; lastKnownFileType = sourcecode.swift; path = Models.swift; sourceTree = "<group>"; };
		2EB63D772B5EE46D00B69CB9 /* RestaurantViewModel.swift */ = {isa = PBXFileReference; lastKnownFileType = sourcecode.swift; path = RestaurantViewModel.swift; sourceTree = "<group>"; };
		2EB63D7A2B5EE8D500B69CB9 /* RestaurantCell.swift */ = {isa = PBXFileReference; lastKnownFileType = sourcecode.swift; path = RestaurantCell.swift; sourceTree = "<group>"; };
		2EB63D7B2B5EE8D500B69CB9 /* RestaurantCell.xib */ = {isa = PBXFileReference; lastKnownFileType = file.xib; path = RestaurantCell.xib; sourceTree = "<group>"; };
/* End PBXFileReference section */

/* Begin PBXFrameworksBuildPhase section */
		2EB63D3B2B5EE37300B69CB9 /* Frameworks */ = {
			isa = PBXFrameworksBuildPhase;
			buildActionMask = 2147483647;
			files = (
			);
			runOnlyForDeploymentPostprocessing = 0;
		};
		2EB63D512B5EE37400B69CB9 /* Frameworks */ = {
			isa = PBXFrameworksBuildPhase;
			buildActionMask = 2147483647;
			files = (
			);
			runOnlyForDeploymentPostprocessing = 0;
		};
		2EB63D5B2B5EE37400B69CB9 /* Frameworks */ = {
			isa = PBXFrameworksBuildPhase;
			buildActionMask = 2147483647;
			files = (
			);
			runOnlyForDeploymentPostprocessing = 0;
		};
/* End PBXFrameworksBuildPhase section */

/* Begin PBXGroup section */
		2EB63D352B5EE37300B69CB9 = {
			isa = PBXGroup;
			children = (
				2EB63D402B5EE37300B69CB9 /* PraticeTableView1 */,
				2EB63D572B5EE37400B69CB9 /* PraticeTableView1Tests */,
				2EB63D612B5EE37400B69CB9 /* PraticeTableView1UITests */,
				2EB63D3F2B5EE37300B69CB9 /* Products */,
			);
			sourceTree = "<group>";
		};
		2EB63D3F2B5EE37300B69CB9 /* Products */ = {
			isa = PBXGroup;
			children = (
				2EB63D3E2B5EE37300B69CB9 /* PraticeTableView1.app */,
				2EB63D542B5EE37400B69CB9 /* PraticeTableView1Tests.xctest */,
				2EB63D5E2B5EE37400B69CB9 /* PraticeTableView1UITests.xctest */,
			);
			name = Products;
			sourceTree = "<group>";
		};
		2EB63D402B5EE37300B69CB9 /* PraticeTableView1 */ = {
			isa = PBXGroup;
			children = (
				2EB63D712B5EE3C600B69CB9 /* feed.txt */,
				2EB63D412B5EE37300B69CB9 /* AppDelegate.swift */,
				2EB63D432B5EE37300B69CB9 /* SceneDelegate.swift */,
				2EB63D742B5EE3D900B69CB9 /* Models.swift */,
				2EB63D772B5EE46D00B69CB9 /* RestaurantViewModel.swift */,
				2EB63D452B5EE37300B69CB9 /* ViewController.swift */,
				2EB63D7A2B5EE8D500B69CB9 /* RestaurantCell.swift */,
				2EB63D7B2B5EE8D500B69CB9 /* RestaurantCell.xib */,
				2EB63D472B5EE37300B69CB9 /* Main.storyboard */,
				2EB63D4A2B5EE37400B69CB9 /* Assets.xcassets */,
				2EB63D4C2B5EE37400B69CB9 /* LaunchScreen.storyboard */,
				2EB63D4F2B5EE37400B69CB9 /* Info.plist */,
			);
			path = PraticeTableView1;
			sourceTree = "<group>";
		};
		2EB63D572B5EE37400B69CB9 /* PraticeTableView1Tests */ = {
			isa = PBXGroup;
			children = (
				2EB63D582B5EE37400B69CB9 /* PraticeTableView1Tests.swift */,
			);
			path = PraticeTableView1Tests;
			sourceTree = "<group>";
		};
		2EB63D612B5EE37400B69CB9 /* PraticeTableView1UITests */ = {
			isa = PBXGroup;
			children = (
				2EB63D622B5EE37400B69CB9 /* PraticeTableView1UITests.swift */,
				2EB63D642B5EE37400B69CB9 /* PraticeTableView1UITestsLaunchTests.swift */,
			);
			path = PraticeTableView1UITests;
			sourceTree = "<group>";
		};
/* End PBXGroup section */

/* Begin PBXNativeTarget section */
		2EB63D3D2B5EE37300B69CB9 /* PraticeTableView1 */ = {
			isa = PBXNativeTarget;
			buildConfigurationList = 2EB63D682B5EE37400B69CB9 /* Build configuration list for PBXNativeTarget "PraticeTableView1" */;
			buildPhases = (
				2EB63D3A2B5EE37300B69CB9 /* Sources */,
				2EB63D3B2B5EE37300B69CB9 /* Frameworks */,
				2EB63D3C2B5EE37300B69CB9 /* Resources */,
			);
			buildRules = (
			);
			dependencies = (
			);
			name = PraticeTableView1;
			productName = PraticeTableView1;
			productReference = 2EB63D3E2B5EE37300B69CB9 /* PraticeTableView1.app */;
			productType = "com.apple.product-type.application";
		};
		2EB63D532B5EE37400B69CB9 /* PraticeTableView1Tests */ = {
			isa = PBXNativeTarget;
			buildConfigurationList = 2EB63D6B2B5EE37400B69CB9 /* Build configuration list for PBXNativeTarget "PraticeTableView1Tests" */;
			buildPhases = (
				2EB63D502B5EE37400B69CB9 /* Sources */,
				2EB63D512B5EE37400B69CB9 /* Frameworks */,
				2EB63D522B5EE37400B69CB9 /* Resources */,
			);
			buildRules = (
			);
			dependencies = (
				2EB63D562B5EE37400B69CB9 /* PBXTargetDependency */,
			);
			name = PraticeTableView1Tests;
			productName = PraticeTableView1Tests;
			productReference = 2EB63D542B5EE37400B69CB9 /* PraticeTableView1Tests.xctest */;
			productType = "com.apple.product-type.bundle.unit-test";
		};
		2EB63D5D2B5EE37400B69CB9 /* PraticeTableView1UITests */ = {
			isa = PBXNativeTarget;
			buildConfigurationList = 2EB63D6E2B5EE37400B69CB9 /* Build configuration list for PBXNativeTarget "PraticeTableView1UITests" */;
			buildPhases = (
				2EB63D5A2B5EE37400B69CB9 /* Sources */,
				2EB63D5B2B5EE37400B69CB9 /* Frameworks */,
				2EB63D5C2B5EE37400B69CB9 /* Resources */,
			);
			buildRules = (
			);
			dependencies = (
				2EB63D602B5EE37400B69CB9 /* PBXTargetDependency */,
			);
			name = PraticeTableView1UITests;
			productName = PraticeTableView1UITests;
			productReference = 2EB63D5E2B5EE37400B69CB9 /* PraticeTableView1UITests.xctest */;
			productType = "com.apple.product-type.bundle.ui-testing";
		};
/* End PBXNativeTarget section */

/* Begin PBXProject section */
		2EB63D362B5EE37300B69CB9 /* Project object */ = {
			isa = PBXProject;
			attributes = {
				BuildIndependentTargetsInParallel = 1;
				LastSwiftUpdateCheck = 1520;
				LastUpgradeCheck = 1520;
				TargetAttributes = {
					2EB63D3D2B5EE37300B69CB9 = {
						CreatedOnToolsVersion = 15.2;
					};
					2EB63D532B5EE37400B69CB9 = {
						CreatedOnToolsVersion = 15.2;
						TestTargetID = 2EB63D3D2B5EE37300B69CB9;
					};
					2EB63D5D2B5EE37400B69CB9 = {
						CreatedOnToolsVersion = 15.2;
						TestTargetID = 2EB63D3D2B5EE37300B69CB9;
					};
				};
			};
			buildConfigurationList = 2EB63D392B5EE37300B69CB9 /* Build configuration list for PBXProject "PraticeTableView1" */;
			compatibilityVersion = "Xcode 14.0";
			developmentRegion = en;
			hasScannedForEncodings = 0;
			knownRegions = (
				en,
				Base,
			);
			mainGroup = 2EB63D352B5EE37300B69CB9;
			productRefGroup = 2EB63D3F2B5EE37300B69CB9 /* Products */;
			projectDirPath = "";
			projectRoot = "";
			targets = (
				2EB63D3D2B5EE37300B69CB9 /* PraticeTableView1 */,
				2EB63D532B5EE37400B69CB9 /* PraticeTableView1Tests */,
				2EB63D5D2B5EE37400B69CB9 /* PraticeTableView1UITests */,
			);
		};
/* End PBXProject section */

/* Begin PBXResourcesBuildPhase section */
		2EB63D3C2B5EE37300B69CB9 /* Resources */ = {
			isa = PBXResourcesBuildPhase;
			buildActionMask = 2147483647;
			files = (
				2EB63D4E2B5EE37400B69CB9 /* LaunchScreen.storyboard in Resources */,
				2EB63D4B2B5EE37400B69CB9 /* Assets.xcassets in Resources */,
				2EB63D722B5EE3C600B69CB9 /* feed.txt in Resources */,
				2EB63D7E2B5EE8D500B69CB9 /* RestaurantCell.xib in Resources */,
				2EB63D492B5EE37300B69CB9 /* Main.storyboard in Resources */,
			);
			runOnlyForDeploymentPostprocessing = 0;
		};
		2EB63D522B5EE37400B69CB9 /* Resources */ = {
			isa = PBXResourcesBuildPhase;
			buildActionMask = 2147483647;
			files = (
				2EB63D7F2B5EE8D500B69CB9 /* RestaurantCell.xib in Resources */,
				2EB63D732B5EE3C600B69CB9 /* feed.txt in Resources */,
			);
			runOnlyForDeploymentPostprocessing = 0;
		};
		2EB63D5C2B5EE37400B69CB9 /* Resources */ = {
			isa = PBXResourcesBuildPhase;
			buildActionMask = 2147483647;
			files = (
			);
			runOnlyForDeploymentPostprocessing = 0;
		};
/* End PBXResourcesBuildPhase section */

/* Begin PBXSourcesBuildPhase section */
		2EB63D3A2B5EE37300B69CB9 /* Sources */ = {
			isa = PBXSourcesBuildPhase;
			buildActionMask = 2147483647;
			files = (
				2EB63D7C2B5EE8D500B69CB9 /* RestaurantCell.swift in Sources */,
				2EB63D462B5EE37300B69CB9 /* ViewController.swift in Sources */,
				2EB63D422B5EE37300B69CB9 /* AppDelegate.swift in Sources */,
				2EB63D782B5EE46D00B69CB9 /* RestaurantViewModel.swift in Sources */,
				2EB63D442B5EE37300B69CB9 /* SceneDelegate.swift in Sources */,
				2EB63D752B5EE3D900B69CB9 /* Models.swift in Sources */,
			);
			runOnlyForDeploymentPostprocessing = 0;
		};
		2EB63D502B5EE37400B69CB9 /* Sources */ = {
			isa = PBXSourcesBuildPhase;
			buildActionMask = 2147483647;
			files = (
				2EB63D7D2B5EE8D500B69CB9 /* RestaurantCell.swift in Sources */,
				2EB63D592B5EE37400B69CB9 /* PraticeTableView1Tests.swift in Sources */,
				2EB63D792B5EE46D00B69CB9 /* RestaurantViewModel.swift in Sources */,
				2EB63D762B5EE3D900B69CB9 /* Models.swift in Sources */,
			);
			runOnlyForDeploymentPostprocessing = 0;
		};
		2EB63D5A2B5EE37400B69CB9 /* Sources */ = {
			isa = PBXSourcesBuildPhase;
			buildActionMask = 2147483647;
			files = (
				2EB63D632B5EE37400B69CB9 /* PraticeTableView1UITests.swift in Sources */,
				2EB63D652B5EE37400B69CB9 /* PraticeTableView1UITestsLaunchTests.swift in Sources */,
			);
			runOnlyForDeploymentPostprocessing = 0;
		};
/* End PBXSourcesBuildPhase section */

/* Begin PBXTargetDependency section */
		2EB63D562B5EE37400B69CB9 /* PBXTargetDependency */ = {
			isa = PBXTargetDependency;
			target = 2EB63D3D2B5EE37300B69CB9 /* PraticeTableView1 */;
			targetProxy = 2EB63D552B5EE37400B69CB9 /* PBXContainerItemProxy */;
		};
		2EB63D602B5EE37400B69CB9 /* PBXTargetDependency */ = {
			isa = PBXTargetDependency;
			target = 2EB63D3D2B5EE37300B69CB9 /* PraticeTableView1 */;
			targetProxy = 2EB63D5F2B5EE37400B69CB9 /* PBXContainerItemProxy */;
		};
/* End PBXTargetDependency section */

/* Begin PBXVariantGroup section */
		2EB63D472B5EE37300B69CB9 /* Main.storyboard */ = {
			isa = PBXVariantGroup;
			children = (
				2EB63D482B5EE37300B69CB9 /* Base */,
			);
			name = Main.storyboard;
			sourceTree = "<group>";
		};
		2EB63D4C2B5EE37400B69CB9 /* LaunchScreen.storyboard */ = {
			isa = PBXVariantGroup;
			children = (
				2EB63D4D2B5EE37400B69CB9 /* Base */,
			);
			name = LaunchScreen.storyboard;
			sourceTree = "<group>";
		};
/* End PBXVariantGroup section */

/* Begin XCBuildConfiguration section */
		2EB63D662B5EE37400B69CB9 /* Debug */ = {
			isa = XCBuildConfiguration;
			buildSettings = {
				ALWAYS_SEARCH_USER_PATHS = NO;
				ASSETCATALOG_COMPILER_GENERATE_SWIFT_ASSET_SYMBOL_EXTENSIONS = YES;
				CLANG_ANALYZER_NONNULL = YES;
				CLANG_ANALYZER_NUMBER_OBJECT_CONVERSION = YES_AGGRESSIVE;
				CLANG_CXX_LANGUAGE_STANDARD = "gnu++20";
				CLANG_ENABLE_MODULES = YES;
				CLANG_ENABLE_OBJC_ARC = YES;
				CLANG_ENABLE_OBJC_WEAK = YES;
				CLANG_WARN_BLOCK_CAPTURE_AUTORELEASING = YES;
				CLANG_WARN_BOOL_CONVERSION = YES;
				CLANG_WARN_COMMA = YES;
				CLANG_WARN_CONSTANT_CONVERSION = YES;
				CLANG_WARN_DEPRECATED_OBJC_IMPLEMENTATIONS = YES;
				CLANG_WARN_DIRECT_OBJC_ISA_USAGE = YES_ERROR;
				CLANG_WARN_DOCUMENTATION_COMMENTS = YES;
				CLANG_WARN_EMPTY_BODY = YES;
				CLANG_WARN_ENUM_CONVERSION = YES;
				CLANG_WARN_INFINITE_RECURSION = YES;
				CLANG_WARN_INT_CONVERSION = YES;
				CLANG_WARN_NON_LITERAL_NULL_CONVERSION = YES;
				CLANG_WARN_OBJC_IMPLICIT_RETAIN_SELF = YES;
				CLANG_WARN_OBJC_LITERAL_CONVERSION = YES;
				CLANG_WARN_OBJC_ROOT_CLASS = YES_ERROR;
				CLANG_WARN_QUOTED_INCLUDE_IN_FRAMEWORK_HEADER = YES;
				CLANG_WARN_RANGE_LOOP_ANALYSIS = YES;
				CLANG_WARN_STRICT_PROTOTYPES = YES;
				CLANG_WARN_SUSPICIOUS_MOVE = YES;
				CLANG_WARN_UNGUARDED_AVAILABILITY = YES_AGGRESSIVE;
				CLANG_WARN_UNREACHABLE_CODE = YES;
				CLANG_WARN__DUPLICATE_METHOD_MATCH = YES;
				COPY_PHASE_STRIP = NO;
				DEBUG_INFORMATION_FORMAT = dwarf;
				ENABLE_STRICT_OBJC_MSGSEND = YES;
				ENABLE_TESTABILITY = YES;
				ENABLE_USER_SCRIPT_SANDBOXING = YES;
				GCC_C_LANGUAGE_STANDARD = gnu17;
				GCC_DYNAMIC_NO_PIC = NO;
				GCC_NO_COMMON_BLOCKS = YES;
				GCC_OPTIMIZATION_LEVEL = 0;
				GCC_PREPROCESSOR_DEFINITIONS = (
					"DEBUG=1",
					"$(inherited)",
				);
				GCC_WARN_64_TO_32_BIT_CONVERSION = YES;
				GCC_WARN_ABOUT_RETURN_TYPE = YES_ERROR;
				GCC_WARN_UNDECLARED_SELECTOR = YES;
				GCC_WARN_UNINITIALIZED_AUTOS = YES_AGGRESSIVE;
				GCC_WARN_UNUSED_FUNCTION = YES;
				GCC_WARN_UNUSED_VARIABLE = YES;
				IPHONEOS_DEPLOYMENT_TARGET = 17.2;
				LOCALIZATION_PREFERS_STRING_CATALOGS = YES;
				MTL_ENABLE_DEBUG_INFO = INCLUDE_SOURCE;
				MTL_FAST_MATH = YES;
				ONLY_ACTIVE_ARCH = YES;
				SDKROOT = iphoneos;
				SWIFT_ACTIVE_COMPILATION_CONDITIONS = "DEBUG $(inherited)";
				SWIFT_OPTIMIZATION_LEVEL = "-Onone";
			};
			name = Debug;
		};
		2EB63D672B5EE37400B69CB9 /* Release */ = {
			isa = XCBuildConfiguration;
			buildSettings = {
				ALWAYS_SEARCH_USER_PATHS = NO;
				ASSETCATALOG_COMPILER_GENERATE_SWIFT_ASSET_SYMBOL_EXTENSIONS = YES;
				CLANG_ANALYZER_NONNULL = YES;
				CLANG_ANALYZER_NUMBER_OBJECT_CONVERSION = YES_AGGRESSIVE;
				CLANG_CXX_LANGUAGE_STANDARD = "gnu++20";
				CLANG_ENABLE_MODULES = YES;
				CLANG_ENABLE_OBJC_ARC = YES;
				CLANG_ENABLE_OBJC_WEAK = YES;
				CLANG_WARN_BLOCK_CAPTURE_AUTORELEASING = YES;
				CLANG_WARN_BOOL_CONVERSION = YES;
				CLANG_WARN_COMMA = YES;
				CLANG_WARN_CONSTANT_CONVERSION = YES;
				CLANG_WARN_DEPRECATED_OBJC_IMPLEMENTATIONS = YES;
				CLANG_WARN_DIRECT_OBJC_ISA_USAGE = YES_ERROR;
				CLANG_WARN_DOCUMENTATION_COMMENTS = YES;
				CLANG_WARN_EMPTY_BODY = YES;
				CLANG_WARN_ENUM_CONVERSION = YES;
				CLANG_WARN_INFINITE_RECURSION = YES;
				CLANG_WARN_INT_CONVERSION = YES;
				CLANG_WARN_NON_LITERAL_NULL_CONVERSION = YES;
				CLANG_WARN_OBJC_IMPLICIT_RETAIN_SELF = YES;
				CLANG_WARN_OBJC_LITERAL_CONVERSION = YES;
				CLANG_WARN_OBJC_ROOT_CLASS = YES_ERROR;
				CLANG_WARN_QUOTED_INCLUDE_IN_FRAMEWORK_HEADER = YES;
				CLANG_WARN_RANGE_LOOP_ANALYSIS = YES;
				CLANG_WARN_STRICT_PROTOTYPES = YES;
				CLANG_WARN_SUSPICIOUS_MOVE = YES;
				CLANG_WARN_UNGUARDED_AVAILABILITY = YES_AGGRESSIVE;
				CLANG_WARN_UNREACHABLE_CODE = YES;
				CLANG_WARN__DUPLICATE_METHOD_MATCH = YES;
				COPY_PHASE_STRIP = NO;
				DEBUG_INFORMATION_FORMAT = "dwarf-with-dsym";
				ENABLE_NS_ASSERTIONS = NO;
				ENABLE_STRICT_OBJC_MSGSEND = YES;
				ENABLE_USER_SCRIPT_SANDBOXING = YES;
				GCC_C_LANGUAGE_STANDARD = gnu17;
				GCC_NO_COMMON_BLOCKS = YES;
				GCC_WARN_64_TO_32_BIT_CONVERSION = YES;
				GCC_WARN_ABOUT_RETURN_TYPE = YES_ERROR;
				GCC_WARN_UNDECLARED_SELECTOR = YES;
				GCC_WARN_UNINITIALIZED_AUTOS = YES_AGGRESSIVE;
				GCC_WARN_UNUSED_FUNCTION = YES;
				GCC_WARN_UNUSED_VARIABLE = YES;
				IPHONEOS_DEPLOYMENT_TARGET = 17.2;
				LOCALIZATION_PREFERS_STRING_CATALOGS = YES;
				MTL_ENABLE_DEBUG_INFO = NO;
				MTL_FAST_MATH = YES;
				SDKROOT = iphoneos;
				SWIFT_COMPILATION_MODE = wholemodule;
				VALIDATE_PRODUCT = YES;
			};
			name = Release;
		};
		2EB63D692B5EE37400B69CB9 /* Debug */ = {
			isa = XCBuildConfiguration;
			buildSettings = {
				ASSETCATALOG_COMPILER_APPICON_NAME = AppIcon;
				ASSETCATALOG_COMPILER_GLOBAL_ACCENT_COLOR_NAME = AccentColor;
				CODE_SIGN_STYLE = Automatic;
				CURRENT_PROJECT_VERSION = 1;
				DEVELOPMENT_TEAM = 4ACEB6FGVN;
				GENERATE_INFOPLIST_FILE = YES;
				INFOPLIST_FILE = PraticeTableView1/Info.plist;
				INFOPLIST_KEY_UIApplicationSupportsIndirectInputEvents = YES;
				INFOPLIST_KEY_UILaunchStoryboardName = LaunchScreen;
				INFOPLIST_KEY_UIMainStoryboardFile = Main;
				INFOPLIST_KEY_UISupportedInterfaceOrientations_iPad = "UIInterfaceOrientationPortrait UIInterfaceOrientationPortraitUpsideDown UIInterfaceOrientationLandscapeLeft UIInterfaceOrientationLandscapeRight";
				INFOPLIST_KEY_UISupportedInterfaceOrientations_iPhone = "UIInterfaceOrientationPortrait UIInterfaceOrientationLandscapeLeft UIInterfaceOrientationLandscapeRight";
				IPHONEOS_DEPLOYMENT_TARGET = 14.0;
				LD_RUNPATH_SEARCH_PATHS = (
					"$(inherited)",
					"@executable_path/Frameworks",
				);
				MARKETING_VERSION = 1.0;
				PRODUCT_BUNDLE_IDENTIFIER = com.sahsubodh.PraticeTableView1;
				PRODUCT_NAME = "$(TARGET_NAME)";
				SWIFT_EMIT_LOC_STRINGS = YES;
				SWIFT_VERSION = 5.0;
				TARGETED_DEVICE_FAMILY = "1,2";
			};
			name = Debug;
		};
		2EB63D6A2B5EE37400B69CB9 /* Release */ = {
			isa = XCBuildConfiguration;
			buildSettings = {
				ASSETCATALOG_COMPILER_APPICON_NAME = AppIcon;
				ASSETCATALOG_COMPILER_GLOBAL_ACCENT_COLOR_NAME = AccentColor;
				CODE_SIGN_STYLE = Automatic;
				CURRENT_PROJECT_VERSION = 1;
				DEVELOPMENT_TEAM = 4ACEB6FGVN;
				GENERATE_INFOPLIST_FILE = YES;
				INFOPLIST_FILE = PraticeTableView1/Info.plist;
				INFOPLIST_KEY_UIApplicationSupportsIndirectInputEvents = YES;
				INFOPLIST_KEY_UILaunchStoryboardName = LaunchScreen;
				INFOPLIST_KEY_UIMainStoryboardFile = Main;
				INFOPLIST_KEY_UISupportedInterfaceOrientations_iPad = "UIInterfaceOrientationPortrait UIInterfaceOrientationPortraitUpsideDown UIInterfaceOrientationLandscapeLeft UIInterfaceOrientationLandscapeRight";
				INFOPLIST_KEY_UISupportedInterfaceOrientations_iPhone = "UIInterfaceOrientationPortrait UIInterfaceOrientationLandscapeLeft UIInterfaceOrientationLandscapeRight";
				IPHONEOS_DEPLOYMENT_TARGET = 14.0;
				LD_RUNPATH_SEARCH_PATHS = (
					"$(inherited)",
					"@executable_path/Frameworks",
				);
				MARKETING_VERSION = 1.0;
				PRODUCT_BUNDLE_IDENTIFIER = com.sahsubodh.PraticeTableView1;
				PRODUCT_NAME = "$(TARGET_NAME)";
				SWIFT_EMIT_LOC_STRINGS = YES;
				SWIFT_VERSION = 5.0;
				TARGETED_DEVICE_FAMILY = "1,2";
			};
			name = Release;
		};
		2EB63D6C2B5EE37400B69CB9 /* Debug */ = {
			isa = XCBuildConfiguration;
			buildSettings = {
				ALWAYS_EMBED_SWIFT_STANDARD_LIBRARIES = YES;
				BUNDLE_LOADER = "$(TEST_HOST)";
				CODE_SIGN_STYLE = Automatic;
				CURRENT_PROJECT_VERSION = 1;
				DEVELOPMENT_TEAM = 4ACEB6FGVN;
				GENERATE_INFOPLIST_FILE = YES;
				IPHONEOS_DEPLOYMENT_TARGET = 17.2;
				MARKETING_VERSION = 1.0;
				PRODUCT_BUNDLE_IDENTIFIER = com.sahsubodh.PraticeTableView1Tests;
				PRODUCT_NAME = "$(TARGET_NAME)";
				SWIFT_EMIT_LOC_STRINGS = NO;
				SWIFT_VERSION = 5.0;
				TARGETED_DEVICE_FAMILY = "1,2";
				TEST_HOST = "$(BUILT_PRODUCTS_DIR)/PraticeTableView1.app/$(BUNDLE_EXECUTABLE_FOLDER_PATH)/PraticeTableView1";
			};
			name = Debug;
		};
		2EB63D6D2B5EE37400B69CB9 /* Release */ = {
			isa = XCBuildConfiguration;
			buildSettings = {
				ALWAYS_EMBED_SWIFT_STANDARD_LIBRARIES = YES;
				BUNDLE_LOADER = "$(TEST_HOST)";
				CODE_SIGN_STYLE = Automatic;
				CURRENT_PROJECT_VERSION = 1;
				DEVELOPMENT_TEAM = 4ACEB6FGVN;
				GENERATE_INFOPLIST_FILE = YES;
				IPHONEOS_DEPLOYMENT_TARGET = 17.2;
				MARKETING_VERSION = 1.0;
				PRODUCT_BUNDLE_IDENTIFIER = com.sahsubodh.PraticeTableView1Tests;
				PRODUCT_NAME = "$(TARGET_NAME)";
				SWIFT_EMIT_LOC_STRINGS = NO;
				SWIFT_VERSION = 5.0;
				TARGETED_DEVICE_FAMILY = "1,2";
				TEST_HOST = "$(BUILT_PRODUCTS_DIR)/PraticeTableView1.app/$(BUNDLE_EXECUTABLE_FOLDER_PATH)/PraticeTableView1";
			};
			name = Release;
		};
		2EB63D6F2B5EE37400B69CB9 /* Debug */ = {
			isa = XCBuildConfiguration;
			buildSettings = {
				ALWAYS_EMBED_SWIFT_STANDARD_LIBRARIES = YES;
				CODE_SIGN_STYLE = Automatic;
				CURRENT_PROJECT_VERSION = 1;
				DEVELOPMENT_TEAM = 4ACEB6FGVN;
				GENERATE_INFOPLIST_FILE = YES;
				MARKETING_VERSION = 1.0;
				PRODUCT_BUNDLE_IDENTIFIER = com.sahsubodh.PraticeTableView1UITests;
				PRODUCT_NAME = "$(TARGET_NAME)";
				SWIFT_EMIT_LOC_STRINGS = NO;
				SWIFT_VERSION = 5.0;
				TARGETED_DEVICE_FAMILY = "1,2";
				TEST_TARGET_NAME = PraticeTableView1;
			};
			name = Debug;
		};
		2EB63D702B5EE37400B69CB9 /* Release */ = {
			isa = XCBuildConfiguration;
			buildSettings = {
				ALWAYS_EMBED_SWIFT_STANDARD_LIBRARIES = YES;
				CODE_SIGN_STYLE = Automatic;
				CURRENT_PROJECT_VERSION = 1;
				DEVELOPMENT_TEAM = 4ACEB6FGVN;
				GENERATE_INFOPLIST_FILE = YES;
				MARKETING_VERSION = 1.0;
				PRODUCT_BUNDLE_IDENTIFIER = com.sahsubodh.PraticeTableView1UITests;
				PRODUCT_NAME = "$(TARGET_NAME)";
				SWIFT_EMIT_LOC_STRINGS = NO;
				SWIFT_VERSION = 5.0;
				TARGETED_DEVICE_FAMILY = "1,2";
				TEST_TARGET_NAME = PraticeTableView1;
			};
			name = Release;
		};
/* End XCBuildConfiguration section */

/* Begin XCConfigurationList section */
		2EB63D392B5EE37300B69CB9 /* Build configuration list for PBXProject "PraticeTableView1" */ = {
			isa = XCConfigurationList;
			buildConfigurations = (
				2EB63D662B5EE37400B69CB9 /* Debug */,
				2EB63D672B5EE37400B69CB9 /* Release */,
			);
			defaultConfigurationIsVisible = 0;
			defaultConfigurationName = Release;
		};
		2EB63D682B5EE37400B69CB9 /* Build configuration list for PBXNativeTarget "PraticeTableView1" */ = {
			isa = XCConfigurationList;
			buildConfigurations = (
				2EB63D692B5EE37400B69CB9 /* Debug */,
				2EB63D6A2B5EE37400B69CB9 /* Release */,
			);
			defaultConfigurationIsVisible = 0;
			defaultConfigurationName = Release;
		};
		2EB63D6B2B5EE37400B69CB9 /* Build configuration list for PBXNativeTarget "PraticeTableView1Tests" */ = {
			isa = XCConfigurationList;
			buildConfigurations = (
				2EB63D6C2B5EE37400B69CB9 /* Debug */,
				2EB63D6D2B5EE37400B69CB9 /* Release */,
			);
			defaultConfigurationIsVisible = 0;
			defaultConfigurationName = Release;
		};
		2EB63D6E2B5EE37400B69CB9 /* Build configuration list for PBXNativeTarget "PraticeTableView1UITests" */ = {
			isa = XCConfigurationList;
			buildConfigurations = (
				2EB63D6F2B5EE37400B69CB9 /* Debug */,
				2EB63D702B5EE37400B69CB9 /* Release */,
			);
			defaultConfigurationIsVisible = 0;
			defaultConfigurationName = Release;
		};
/* End XCConfigurationList section */
	};
	rootObject = 2EB63D362B5EE37300B69CB9 /* Project object */;
}
